
Microsoft Visual Studio Solution File, Format Version 12.00
Project("{FAE04EC0-301F-11D3-BF4B-00C04F79EFBC}") = "ProgressTweaks", "ProgressTweaks\ProgressTweaks.csproj", "{2D0E391A-9DAA-4AB2-B0B6-1901CDB5C472}"
EndProject
Global
	GlobalSection(SolutionConfigurationPlatforms) = preSolution
		Debug|Any CPU = Debug|Any CPU
		Release|Any CPU = Release|Any CPU
	EndGlobalSection
	GlobalSection(ProjectConfigurationPlatforms) = postSolution
		{2D0E391A-9DAA-4AB2-B0B6-1901CDB5C472}.Debug|Any CPU.ActiveCfg = Debug|Any CPU
		{2D0E391A-9DAA-4AB2-B0B6-1901CDB5C472}.Debug|Any CPU.Build.0 = Debug|Any CPU
		{2D0E391A-9DAA-4AB2-B0B6-1901CDB5C472}.Release|Any CPU.ActiveCfg = Release|Any CPU
		{2D0E391A-9DAA-4AB2-B0B6-1901CDB5C472}.Release|Any CPU.Build.0 = Release|Any CPU
	EndGlobalSection
EndGlobal
